
Microsoft Visual Studio Solution File, Format Version 12.00
# Visual Studio 15
VisualStudioVersion = 15.0.26228.10
MinimumVisualStudioVersion = 10.0.40219.1
Project("{FAE04EC0-301F-11D3-BF4B-00C04F79EFBC}") = "GrpcSample.Client", "GrpcSample.Client\GrpcSample.Client.csproj", "{B46698FD-2439-4B4F-AD08-5E38416B58AF}"
EndProject
Project("{FAE04EC0-301F-11D3-BF4B-00C04F79EFBC}") = "GrpcSample.Client.Services", "GrpcSample.Client.Services\GrpcSample.Client.Services.csproj", "{58314FB3-0700-4713-890C-25D9752807A2}"
EndProject
Project("{FAE04EC0-301F-11D3-BF4B-00C04F79EFBC}") = "GrpcSample.Client.Contracts", "GrpcSample.Client.Contracts\GrpcSample.Client.Contracts.csproj", "{563A4080-10D0-4C1F-B7F8-82AF41728DEB}"
EndProject
Global
	GlobalSection(SolutionConfigurationPlatforms) = preSolution
		Debug|Any CPU = Debug|Any CPU
		Release|Any CPU = Release|Any CPU
	EndGlobalSection
	GlobalSection(ProjectConfigurationPlatforms) = postSolution
		{B46698FD-2439-4B4F-AD08-5E38416B58AF}.Debug|Any CPU.ActiveCfg = Debug|Any CPU
		{B46698FD-2439-4B4F-AD08-5E38416B58AF}.Debug|Any CPU.Build.0 = Debug|Any CPU
		{B46698FD-2439-4B4F-AD08-5E38416B58AF}.Release|Any CPU.ActiveCfg = Release|Any CPU
		{B46698FD-2439-4B4F-AD08-5E38416B58AF}.Release|Any CPU.Build.0 = Release|Any CPU
		{58314FB3-0700-4713-890C-25D9752807A2}.Debug|Any CPU.ActiveCfg = Debug|Any CPU
		{58314FB3-0700-4713-890C-25D9752807A2}.Debug|Any CPU.Build.0 = Debug|Any CPU
		{58314FB3-0700-4713-890C-25D9752807A2}.Release|Any CPU.ActiveCfg = Release|Any CPU
		{58314FB3-0700-4713-890C-25D9752807A2}.Release|Any CPU.Build.0 = Release|Any CPU
		{563A4080-10D0-4C1F-B7F8-82AF41728DEB}.Debug|Any CPU.ActiveCfg = Debug|Any CPU
		{563A4080-10D0-4C1F-B7F8-82AF41728DEB}.Debug|Any CPU.Build.0 = Debug|Any CPU
		{563A4080-10D0-4C1F-B7F8-82AF41728DEB}.Release|Any CPU.ActiveCfg = Release|Any CPU
		{563A4080-10D0-4C1F-B7F8-82AF41728DEB}.Release|Any CPU.Build.0 = Release|Any CPU
	EndGlobalSection
	GlobalSection(SolutionProperties) = preSolution
		HideSolutionNode = FALSE
	EndGlobalSection
EndGlobal
